
Microsoft Visual Studio Solution File, Format Version 12.00
# Visual Studio Version 17
VisualStudioVersion = 17.5.002.0
MinimumVisualStudioVersion = 10.0.40219.1
Project("{9A19103F-16F7-4668-BE54-9A1E7A4F7556}") = "CLXGetGovIL", "CLXGetGovIL.csproj", "{B549FB82-ACBD-49F6-9E2A-7ED22809047B}"
EndProject
Global
	GlobalSection(SolutionConfigurationPlatforms) = preSolution
		Debug|Any CPU = Debug|Any CPU
		Release|Any CPU = Release|Any CPU
	EndGlobalSection
	GlobalSection(ProjectConfigurationPlatforms) = postSolution
		{B549FB82-ACBD-49F6-9E2A-7ED22809047B}.Debug|Any CPU.ActiveCfg = Debug|Any CPU
		{B549FB82-ACBD-49F6-9E2A-7ED22809047B}.Debug|Any CPU.Build.0 = Debug|Any CPU
		{B549FB82-ACBD-49F6-9E2A-7ED22809047B}.Release|Any CPU.ActiveCfg = Release|Any CPU
		{B549FB82-ACBD-49F6-9E2A-7ED22809047B}.Release|Any CPU.Build.0 = Release|Any CPU
	EndGlobalSection
	GlobalSection(SolutionProperties) = preSolution
		HideSolutionNode = FALSE
	EndGlobalSection
	GlobalSection(ExtensibilityGlobals) = postSolution
		SolutionGuid = {A57A8122-2299-44C8-8CE7-936BC0A9F616}
	EndGlobalSection
EndGlobal
